
Microsoft Visual Studio Solution File, Format Version 12.00
# Visual Studio Version 16
VisualStudioVersion = 16.0.31025.194
MinimumVisualStudioVersion = 10.0.40219.1
Project("{FAE04EC0-301F-11D3-BF4B-00C04F79EFBC}") = "UniversityMangaement", "UniversityMangaement.csproj", "{A87E281B-86AF-49C3-AA3F-41D5C983ED68}"
EndProject
Global
	GlobalSection(SolutionConfigurationPlatforms) = preSolution
		Debug|Any CPU = Debug|Any CPU
		Release|Any CPU = Release|Any CPU
	EndGlobalSection
	GlobalSection(ProjectConfigurationPlatforms) = postSolution
		{A87E281B-86AF-49C3-AA3F-41D5C983ED68}.Debug|Any CPU.ActiveCfg = Debug|Any CPU
		{A87E281B-86AF-49C3-AA3F-41D5C983ED68}.Debug|Any CPU.Build.0 = Debug|Any CPU
		{A87E281B-86AF-49C3-AA3F-41D5C983ED68}.Release|Any CPU.ActiveCfg = Release|Any CPU
		{A87E281B-86AF-49C3-AA3F-41D5C983ED68}.Release|Any CPU.Build.0 = Release|Any CPU
	EndGlobalSection
	GlobalSection(SolutionProperties) = preSolution
		HideSolutionNode = FALSE
	EndGlobalSection
	GlobalSection(ExtensibilityGlobals) = postSolution
		SolutionGuid = {86FEB2B2-70CD-4B88-9FF8-F1F0CB4E1991}
	EndGlobalSection
EndGlobal
